// !$*UTF8*$!
{
	archiveVersion = 1;
	classes = {
	};
	objectVersion = 50;
	objects = {

/* Begin PBXBuildFile section */
		00D684F9250DCE3500ABBD3C /* AppDelegate.m in Sources */ = {isa = PBXBuildFile; fileRef = 00D684F8250DCE3500ABBD3C /* AppDelegate.m */; };
		00D684FC250DCE3500ABBD3C /* SceneDelegate.m in Sources */ = {isa = PBXBuildFile; fileRef = 00D684FB250DCE3500ABBD3C /* SceneDelegate.m */; };
		00D684FF250DCE3500ABBD3C /* ViewController.m in Sources */ = {isa = PBXBuildFile; fileRef = 00D684FE250DCE3500ABBD3C /* ViewController.m */; };
		00D68502250DCE3500ABBD3C /* Main.storyboard in Resources */ = {isa = PBXBuildFile; fileRef = 00D68500250DCE3500ABBD3C /* Main.storyboard */; };
		00D68504250DCE3800ABBD3C /* Assets.xcassets in Resources */ = {isa = PBXBuildFile; fileRef = 00D68503250DCE3800ABBD3C /* Assets.xcassets */; };
		00D68507250DCE3800ABBD3C /* LaunchScreen.storyboard in Resources */ = {isa = PBXBuildFile; fileRef = 00D68505250DCE3800ABBD3C /* LaunchScreen.storyboard */; };
		00D6850A250DCE3800ABBD3C /* main.m in Sources */ = {isa = PBXBuildFile; fileRef = 00D68509250DCE3800ABBD3C /* main.m */; };
/* End PBXBuildFile section */

/* Begin PBXFileReference section */
		00D684F4250DCE3500ABBD3C /* testDemo.app */ = {isa = PBXFileReference; explicitFileType = wrapper.application; includeInIndex = 0; path = testDemo.app; sourceTree = BUILT_PRODUCTS_DIR; };
		00D684F7250DCE3500ABBD3C /* AppDelegate.h */ = {isa = PBXFileReference; lastKnownFileType = sourcecode.c.h; path = AppDelegate.h; sourceTree = "<group>"; };
		00D684F8250DCE3500ABBD3C /* AppDelegate.m */ = {isa = PBXFileReference; lastKnownFileType = sourcecode.c.objc; path = AppDelegate.m; sourceTree = "<group>"; };
		00D684FA250DCE3500ABBD3C /* SceneDelegate.h */ = {isa = PBXFileReference; lastKnownFileType = sourcecode.c.h; path = SceneDelegate.h; sourceTree = "<group>"; };
		00D684FB250DCE3500ABBD3C /* SceneDelegate.m */ = {isa = PBXFileReference; lastKnownFileType = sourcecode.c.objc; path = SceneDelegate.m; sourceTree = "<group>"; };
		00D684FD250DCE3500ABBD3C /* ViewController.h */ = {isa = PBXFileReference; lastKnownFileType = sourcecode.c.h; path = ViewController.h; sourceTree = "<group>"; };
		00D684FE250DCE3500ABBD3C /* ViewController.m */ = {isa = PBXFileReference; lastKnownFileType = sourcecode.c.objc; path = ViewController.m; sourceTree = "<group>"; };
		00D68501250DCE3500ABBD3C /* Base */ = {isa = PBXFileReference; lastKnownFileType = file.storyboard; name = Base; path = Base.lproj/Main.storyboard; sourceTree = "<group>"; };
		00D68503250DCE3800ABBD3C /* Assets.xcassets */ = {isa = PBXFileReference; lastKnownFileType = folder.assetcatalog; path = Assets.xcassets; sourceTree = "<group>"; };
		00D68506250DCE3800ABBD3C /* Base */ = {isa = PBXFileReference; lastKnownFileType = file.storyboard; name = Base; path = Base.lproj/LaunchScreen.storyboard; sourceTree = "<group>"; };
		00D68508250DCE3800ABBD3C /* Info.plist */ = {isa = PBXFileReference; lastKnownFileType = text.plist.xml; path = Info.plist; sourceTree = "<group>"; };
		00D68509250DCE3800ABBD3C /* main.m */ = {isa = PBXFileReference; lastKnownFileType = sourcecode.c.objc; path = main.m; sourceTree = "<group>"; };
/* End PBXFileReference section */

/* Begin PBXFrameworksBuildPhase section */
		00D684F1250DCE3500ABBD3C /* Frameworks */ = {
			isa = PBXFrameworksBuildPhase;
			buildActionMask = 2147483647;
			files = (
			);
			runOnlyForDeploymentPostprocessing = 0;
		};
/* End PBXFrameworksBuildPhase section */

/* Begin PBXGroup section */
		00D684EB250DCE3500ABBD3C = {
			isa = PBXGroup;
			children = (
				00D684F6250DCE3500ABBD3C /* testDemo */,
				00D684F5250DCE3500ABBD3C /* Products */,
			);
			sourceTree = "<group>";
		};
		00D684F5250DCE3500ABBD3C /* Products */ = {
			isa = PBXGroup;
			children = (
				00D684F4250DCE3500ABBD3C /* testDemo.app */,
			);
			name = Products;
			sourceTree = "<group>";
		};
		00D684F6250DCE3500ABBD3C /* testDemo */ = {
			isa = PBXGroup;
			children = (
				00D684F7250DCE3500ABBD3C /* AppDelegate.h */,
				00D684F8250DCE3500ABBD3C /* AppDelegate.m */,
				00D684FA250DCE3500ABBD3C /* SceneDelegate.h */,
				00D684FB250DCE3500ABBD3C /* SceneDelegate.m */,
				00D684FD250DCE3500ABBD3C /* ViewController.h */,
				00D684FE250DCE3500ABBD3C /* ViewController.m */,
				00D68500250DCE3500ABBD3C /* Main.storyboard */,
				00D68503250DCE3800ABBD3C /* Assets.xcassets */,
				00D68505250DCE3800ABBD3C /* LaunchScreen.storyboard */,
				00D68508250DCE3800ABBD3C /* Info.plist */,
				00D68509250DCE3800ABBD3C /* main.m */,
			);
			path = testDemo;
			sourceTree = "<group>";
		};
/* End PBXGroup section */

/* Begin PBXNativeTarget section */
		00D684F3250DCE3500ABBD3C /* testDemo */ = {
			isa = PBXNativeTarget;
			buildConfigurationList = 00D6850D250DCE3800ABBD3C /* Build configuration list for PBXNativeTarget "testDemo" */;
			buildPhases = (
				00D684F0250DCE3500ABBD3C /* Sources */,
				00D684F1250DCE3500ABBD3C /* Frameworks */,
				00D684F2250DCE3500ABBD3C /* Resources */,
			);
			buildRules = (
			);
			dependencies = (
			);
			name = testDemo;
			productName = testDemo;
			productReference = 00D684F4250DCE3500ABBD3C /* testDemo.app */;
			productType = "com.apple.product-type.application";
		};
/* End PBXNativeTarget section */

/* Begin PBXProject section */
		00D684EC250DCE3500ABBD3C /* Project object */ = {
			isa = PBXProject;
			attributes = {
				LastUpgradeCheck = 1170;
				ORGANIZATIONNAME = edz;
				TargetAttributes = {
					00D684F3250DCE3500ABBD3C = {
						CreatedOnToolsVersion = 11.7;
					};
				};
			};
			buildConfigurationList = 00D684EF250DCE3500ABBD3C /* Build configuration list for PBXProject "testDemo" */;
			compatibilityVersion = "Xcode 9.3";
			developmentRegion = en;
			hasScannedForEncodings = 0;
			knownRegions = (
				en,
				Base,
			);
			mainGroup = 00D684EB250DCE3500ABBD3C;
			productRefGroup = 00D684F5250DCE3500ABBD3C /* Products */;
			projectDirPath = "";
			projectRoot = "";
			targets = (
				00D684F3250DCE3500ABBD3C /* testDemo */,
			);
		};
/* End PBXProject section */

/* Begin PBXResourcesBuildPhase section */
		00D684F2250DCE3500ABBD3C /* Resources */ = {
			isa = PBXResourcesBuildPhase;
			buildActionMask = 2147483647;
			files = (
				00D68507250DCE3800ABBD3C /* LaunchScreen.storyboard in Resources */,
				00D68504250DCE3800ABBD3C /* Assets.xcassets in Resources */,
				00D68502250DCE3500ABBD3C /* Main.storyboard in Resources */,
			);
			runOnlyForDeploymentPostprocessing = 0;
		};
/* End PBXResourcesBuildPhase section */

/* Begin PBXSourcesBuildPhase section */
		00D684F0250DCE3500ABBD3C /* Sources */ = {
			isa = PBXSourcesBuildPhase;
			buildActionMask = 2147483647;
			files = (
				00D684FF250DCE3500ABBD3C /* ViewController.m in Sources */,
				00D684F9250DCE3500ABBD3C /* AppDelegate.m in Sources */,
				00D6850A250DCE3800ABBD3C /* main.m in Sources */,
				00D684FC250DCE3500ABBD3C /* SceneDelegate.m in Sources */,
			);
			runOnlyForDeploymentPostprocessing = 0;
		};
/* End PBXSourcesBuildPhase section */

/* Begin PBXVariantGroup section */
		00D68500250DCE3500ABBD3C /* Main.storyboard */ = {
			isa = PBXVariantGroup;
			children = (
				00D68501250DCE3500ABBD3C /* Base */,
			);
			name = Main.storyboard;
			sourceTree = "<group>";
		};
		00D68505250DCE3800ABBD3C /* LaunchScreen.storyboard */ = {
			isa = PBXVariantGroup;
			children = (
				00D68506250DCE3800ABBD3C /* Base */,
			);
			name = LaunchScreen.storyboard;
			sourceTree = "<group>";
		};
/* End PBXVariantGroup section */

/* Begin XCBuildConfiguration section */
		00D6850B250DCE3800ABBD3C /* Debug */ = {
			isa = XCBuildConfiguration;
			buildSettings = {
				ALWAYS_SEARCH_USER_PATHS = NO;
				CLANG_ANALYZER_NONNULL = YES;
				CLANG_ANALYZER_NUMBER_OBJECT_CONVERSION = YES_AGGRESSIVE;
				CLANG_CXX_LANGUAGE_STANDARD = "gnu++14";
				CLANG_CXX_LIBRARY = "libc++";
				CLANG_ENABLE_MODULES = YES;
				CLANG_ENABLE_OBJC_ARC = YES;
				CLANG_ENABLE_OBJC_WEAK = YES;
				CLANG_WARN_BLOCK_CAPTURE_AUTORELEASING = YES;
				CLANG_WARN_BOOL_CONVERSION = YES;
				CLANG_WARN_COMMA = YES;
				CLANG_WARN_CONSTANT_CONVERSION = YES;
				CLANG_WARN_DEPRECATED_OBJC_IMPLEMENTATIONS = YES;
				CLANG_WARN_DIRECT_OBJC_ISA_USAGE = YES_ERROR;
				CLANG_WARN_DOCUMENTATION_COMMENTS = YES;
				CLANG_WARN_EMPTY_BODY = YES;
				CLANG_WARN_ENUM_CONVERSION = YES;
				CLANG_WARN_INFINITE_RECURSION = YES;
				CLANG_WARN_INT_CONVERSION = YES;
				CLANG_WARN_NON_LITERAL_NULL_CONVERSION = YES;
				CLANG_WARN_OBJC_IMPLICIT_RETAIN_SELF = YES;
				CLANG_WARN_OBJC_LITERAL_CONVERSION = YES;
				CLANG_WARN_OBJC_ROOT_CLASS = YES_ERROR;
				CLANG_WARN_RANGE_LOOP_ANALYSIS = YES;
				CLANG_WARN_STRICT_PROTOTYPES = YES;
				CLANG_WARN_SUSPICIOUS_MOVE = YES;
				CLANG_WARN_UNGUARDED_AVAILABILITY = YES_AGGRESSIVE;
				CLANG_WARN_UNREACHABLE_CODE = YES;
				CLANG_WARN__DUPLICATE_METHOD_MATCH = YES;
				COPY_PHASE_STRIP = NO;
				DEBUG_INFORMATION_FORMAT = dwarf;
				ENABLE_STRICT_OBJC_MSGSEND = YES;
				ENABLE_TESTABILITY = YES;
				GCC_C_LANGUAGE_STANDARD = gnu11;
				GCC_DYNAMIC_NO_PIC = NO;
				GCC_NO_COMMON_BLOCKS = YES;
				GCC_OPTIMIZATION_LEVEL = 0;
				GCC_PREPROCESSOR_DEFINITIONS = (
					"DEBUG=1",
					"$(inherited)",
				);
				GCC_WARN_64_TO_32_BIT_CONVERSION = YES;
				GCC_WARN_ABOUT_RETURN_TYPE = YES_ERROR;
				GCC_WARN_UNDECLARED_SELECTOR = YES;
				GCC_WARN_UNINITIALIZED_AUTOS = YES_AGGRESSIVE;
				GCC_WARN_UNUSED_FUNCTION = YES;
				GCC_WARN_UNUSED_VARIABLE = YES;
				IPHONEOS_DEPLOYMENT_TARGET = 13.7;
				MTL_ENABLE_DEBUG_INFO = INCLUDE_SOURCE;
				MTL_FAST_MATH = YES;
				ONLY_ACTIVE_ARCH = YES;
				SDKROOT = iphoneos;
			};
			name = Debug;
		};
		00D6850C250DCE3800ABBD3C /* Release */ = {
			isa = XCBuildConfiguration;
			buildSettings = {
				ALWAYS_SEARCH_USER_PATHS = NO;
				CLANG_ANALYZER_NONNULL = YES;
				CLANG_ANALYZER_NUMBER_OBJECT_CONVERSION = YES_AGGRESSIVE;
				CLANG_CXX_LANGUAGE_STANDARD = "gnu++14";
				CLANG_CXX_LIBRARY = "libc++";
				CLANG_ENABLE_MODULES = YES;
				CLANG_ENABLE_OBJC_ARC = YES;
				CLANG_ENABLE_OBJC_WEAK = YES;
				CLANG_WARN_BLOCK_CAPTURE_AUTORELEASING = YES;
				CLANG_WARN_BOOL_CONVERSION = YES;
				CLANG_WARN_COMMA = YES;
				CLANG_WARN_CONSTANT_CONVERSION = YES;
				CLANG_WARN_DEPRECATED_OBJC_IMPLEMENTATIONS = YES;
				CLANG_WARN_DIRECT_OBJC_ISA_USAGE = YES_ERROR;
				CLANG_WARN_DOCUMENTATION_COMMENTS = YES;
				CLANG_WARN_EMPTY_BODY = YES;
				CLANG_WARN_ENUM_CONVERSION = YES;
				CLANG_WARN_INFINITE_RECURSION = YES;
				CLANG_WARN_INT_CONVERSION = YES;
				CLANG_WARN_NON_LITERAL_NULL_CONVERSION = YES;
				CLANG_WARN_OBJC_IMPLICIT_RETAIN_SELF = YES;
				CLANG_WARN_OBJC_LITERAL_CONVERSION = YES;
				CLANG_WARN_OBJC_ROOT_CLASS = YES_ERROR;
				CLANG_WARN_RANGE_LOOP_ANALYSIS = YES;
				CLANG_WARN_STRICT_PROTOTYPES = YES;
				CLANG_WARN_SUSPICIOUS_MOVE = YES;
				CLANG_WARN_UNGUARDED_AVAILABILITY = YES_AGGRESSIVE;
				CLANG_WARN_UNREACHABLE_CODE = YES;
				CLANG_WARN__DUPLICATE_METHOD_MATCH = YES;
				COPY_PHASE_STRIP = NO;
				DEBUG_INFORMATION_FORMAT = "dwarf-with-dsym";
				ENABLE_NS_ASSERTIONS = NO;
				ENABLE_STRICT_OBJC_MSGSEND = YES;
				GCC_C_LANGUAGE_STANDARD = gnu11;
				GCC_NO_COMMON_BLOCKS = YES;
				GCC_WARN_64_TO_32_BIT_CONVERSION = YES;
				GCC_WARN_ABOUT_RETURN_TYPE = YES_ERROR;
				GCC_WARN_UNDECLARED_SELECTOR = YES;
				GCC_WARN_UNINITIALIZED_AUTOS = YES_AGGRESSIVE;
				GCC_WARN_UNUSED_FUNCTION = YES;
				GCC_WARN_UNUSED_VARIABLE = YES;
				IPHONEOS_DEPLOYMENT_TARGET = 13.7;
				MTL_ENABLE_DEBUG_INFO = NO;
				MTL_FAST_MATH = YES;
				SDKROOT = iphoneos;
				VALIDATE_PRODUCT = YES;
			};
			name = Release;
		};
		00D6850E250DCE3800ABBD3C /* Debug */ = {
			isa = XCBuildConfiguration;
			buildSettings = {
				ASSETCATALOG_COMPILER_APPICON_NAME = AppIcon;
				CODE_SIGN_STYLE = Automatic;
				INFOPLIST_FILE = testDemo/Info.plist;
				LD_RUNPATH_SEARCH_PATHS = (
					"$(inherited)",
					"@executable_path/Frameworks",
				);
				PRODUCT_BUNDLE_IDENTIFIER = lwy.com.testDemo;
				PRODUCT_NAME = "$(TARGET_NAME)";
				TARGETED_DEVICE_FAMILY = "1,2";
			};
			name = Debug;
		};
		00D6850F250DCE3800ABBD3C /* Release */ = {
			isa = XCBuildConfiguration;
			buildSettings = {
				ASSETCATALOG_COMPILER_APPICON_NAME = AppIcon;
				CODE_SIGN_STYLE = Automatic;
				INFOPLIST_FILE = testDemo/Info.plist;
				LD_RUNPATH_SEARCH_PATHS = (
					"$(inherited)",
					"@executable_path/Frameworks",
				);
				PRODUCT_BUNDLE_IDENTIFIER = lwy.com.testDemo;
				PRODUCT_NAME = "$(TARGET_NAME)";
				TARGETED_DEVICE_FAMILY = "1,2";
			};
			name = Release;
		};
/* End XCBuildConfiguration section */

/* Begin XCConfigurationList section */
		00D684EF250DCE3500ABBD3C /* Build configuration list for PBXProject "testDemo" */ = {
			isa = XCConfigurationList;
			buildConfigurations = (
				00D6850B250DCE3800ABBD3C /* Debug */,
				00D6850C250DCE3800ABBD3C /* Release */,
			);
			defaultConfigurationIsVisible = 0;
			defaultConfigurationName = Release;
		};
		00D6850D250DCE3800ABBD3C /* Build configuration list for PBXNativeTarget "testDemo" */ = {
			isa = XCConfigurationList;
			buildConfigurations = (
				00D6850E250DCE3800ABBD3C /* Debug */,
				00D6850F250DCE3800ABBD3C /* Release */,
			);
			defaultConfigurationIsVisible = 0;
			defaultConfigurationName = Release;
		};
/* End XCConfigurationList section */
	};
	rootObject = 00D684EC250DCE3500ABBD3C /* Project object */;
}
